{
  "version": "5",
  "specifiers": {
    "jsr:@std/assert@0.226": "0.226.0",
    "jsr:@std/internal@^1.0.14": "1.0.14",
    "jsr:@std/path@*": "0.225.2",
    "jsr:@std/path@1.0.0": "1.0.0",
    "jsr:@std/path@^1.1.6": "1.1.6"
  },
  "jsr": {
    "@std/assert@0.226.0": {
      "integrity": "0dfb5f7c7723c18cec118e080fec76ce15b4c31154b15ad2bd74822603ef75b3"
    },
    "@std/internal@1.0.14": {
      "integrity": "291516b3d4c35024d6ffbc0a9df5bf4c64116e05b50012cf846710152d2ffdf7"
    },
    "@std/path@0.225.2": {
      "integrity": "0f2db41d36b50ef048dcb0399aac720a5348638dd3cb5bf80685bf2a745aa506",
      "dependencies": [
        "jsr:@std/assert"
      ]
    },
    "@std/path@1.0.0": {
      "integrity": "77fcb858b6e38777d1154df0f02245ba0b07e2c40ca3c0eec57c9233188c2d21"
    },
    "@std/path@1.1.6": {
      "integrity": "c68485c2a4dfbb5ae3cc74fae4e8c4e5d874cf8a8ed12927917235c758b46cbe",
      "dependencies": [
        "jsr:@std/internal"
      ]
    }
  },
  "workspace": {
    "dependencies": [
      "jsr:@std/path@^1.1.6"
    ]
  }
}
